
Microsoft Visual Studio Solution File, Format Version 12.00
# Visual Studio Version 16
VisualStudioVersion = 16.0.32106.194
MinimumVisualStudioVersion = 10.0.40219.1
Project("{9A19103F-16F7-4668-BE54-9A1E7A4F7556}") = "Proyecto_ED22", "Proyecto_ED22.csproj", "{CD92AEFB-BCD2-4E1D-BC2F-C5D0D7047126}"
EndProject
Project("{FAE04EC0-301F-11D3-BF4B-00C04F79EFBC}") = "ClasesAVL", "..\ClasesAVL\ClasesAVL.csproj", "{AE6EEEA2-EEF4-4E96-BF18-F32B06FC5AC2}"
EndProject
Global
	GlobalSection(SolutionConfigurationPlatforms) = preSolution
		Debug|Any CPU = Debug|Any CPU
		Release|Any CPU = Release|Any CPU
	EndGlobalSection
	GlobalSection(ProjectConfigurationPlatforms) = postSolution
		{CD92AEFB-BCD2-4E1D-BC2F-C5D0D7047126}.Debug|Any CPU.ActiveCfg = Debug|Any CPU
		{CD92AEFB-BCD2-4E1D-BC2F-C5D0D7047126}.Debug|Any CPU.Build.0 = Debug|Any CPU
		{CD92AEFB-BCD2-4E1D-BC2F-C5D0D7047126}.Release|Any CPU.ActiveCfg = Release|Any CPU
		{CD92AEFB-BCD2-4E1D-BC2F-C5D0D7047126}.Release|Any CPU.Build.0 = Release|Any CPU
		{AE6EEEA2-EEF4-4E96-BF18-F32B06FC5AC2}.Debug|Any CPU.ActiveCfg = Debug|Any CPU
		{AE6EEEA2-EEF4-4E96-BF18-F32B06FC5AC2}.Debug|Any CPU.Build.0 = Debug|Any CPU
		{AE6EEEA2-EEF4-4E96-BF18-F32B06FC5AC2}.Release|Any CPU.ActiveCfg = Release|Any CPU
		{AE6EEEA2-EEF4-4E96-BF18-F32B06FC5AC2}.Release|Any CPU.Build.0 = Release|Any CPU
	EndGlobalSection
	GlobalSection(SolutionProperties) = preSolution
		HideSolutionNode = FALSE
	EndGlobalSection
	GlobalSection(ExtensibilityGlobals) = postSolution
		SolutionGuid = {4B84A35B-C6EA-414A-85F3-00D2F2F1154E}
	EndGlobalSection
EndGlobal
